// !$*UTF8*$!
{
	archiveVersion = 1;
	classes = {
	};
	objectVersion = 77;
	objects = {

/* Begin PBXContainerItemProxy section */
		FC5914AB2EA0EAB4000CFDC4 /* PBXContainerItemProxy */ = {
			isa = PBXContainerItemProxy;
			containerPortal = FC5914952EA0EAB3000CFDC4 /* Project object */;
			proxyType = 1;
			remoteGlobalIDString = FC59149C2EA0EAB3000CFDC4;
			remoteInfo = Unignorable;
		};
		FC5914B52EA0EAB4000CFDC4 /* PBXContainerItemProxy */ = {
			isa = PBXContainerItemProxy;
			containerPortal = FC5914952EA0EAB3000CFDC4 /* Project object */;
			proxyType = 1;
			remoteGlobalIDString = FC59149C2EA0EAB3000CFDC4;
			remoteInfo = Unignorable;
		};
/* End PBXContainerItemProxy section */

/* Begin PBXFileReference section */
		FC59149D2EA0EAB3000CFDC4 /* Unignorable.app */ = {isa = PBXFileReference; explicitFileType = wrapper.application; includeInIndex = 0; path = Unignorable.app; sourceTree = BUILT_PRODUCTS_DIR; };
		FC5914AA2EA0EAB4000CFDC4 /* UnignorableTests.xctest */ = {isa = PBXFileReference; explicitFileType = wrapper.cfbundle; includeInIndex = 0; path = UnignorableTests.xctest; sourceTree = BUILT_PRODUCTS_DIR; };
		FC5914B42EA0EAB4000CFDC4 /* UnignorableUITests.xctest */ = {isa = PBXFileReference; explicitFileType = wrapper.cfbundle; includeInIndex = 0; path = UnignorableUITests.xctest; sourceTree = BUILT_PRODUCTS_DIR; };
/* End PBXFileReference section */

/* Begin PBXFileSystemSynchronizedBuildFileExceptionSet section */
		FCCA3F202EA0EBBA00C06A7B /* Exceptions for "Unignorable" folder in "Unignorable" target */ = {
			isa = PBXFileSystemSynchronizedBuildFileExceptionSet;
			membershipExceptions = (
				Info.plist,
			);
			target = FC59149C2EA0EAB3000CFDC4 /* Unignorable */;
		};
/* End PBXFileSystemSynchronizedBuildFileExceptionSet section */

/* Begin PBXFileSystemSynchronizedRootGroup section */
		FC59149F2EA0EAB3000CFDC4 /* Unignorable */ = {
			isa = PBXFileSystemSynchronizedRootGroup;
			exceptions = (
				FCCA3F202EA0EBBA00C06A7B /* Exceptions for "Unignorable" folder in "Unignorable" target */,
			);
			path = Unignorable;
			sourceTree = "<group>";
		};
		FC5914AD2EA0EAB4000CFDC4 /* UnignorableTests */ = {
			isa = PBXFileSystemSynchronizedRootGroup;
			path = UnignorableTests;
			sourceTree = "<group>";
		};
		FC5914B72EA0EAB4000CFDC4 /* UnignorableUITests */ = {
			isa = PBXFileSystemSynchronizedRootGroup;
			path = UnignorableUITests;
			sourceTree = "<group>";
		};
/* End PBXFileSystemSynchronizedRootGroup section */

/* Begin PBXFrameworksBuildPhase section */
		FC59149A2EA0EAB3000CFDC4 /* Frameworks */ = {
			isa = PBXFrameworksBuildPhase;
			buildActionMask = 2147483647;
			files = (
			);
			runOnlyForDeploymentPostprocessing = 0;
		};
		FC5914A72EA0EAB4000CFDC4 /* Frameworks */ = {
			isa = PBXFrameworksBuildPhase;
			buildActionMask = 2147483647;
			files = (
			);
			runOnlyForDeploymentPostprocessing = 0;
		};
		FC5914B12EA0EAB4000CFDC4 /* Frameworks */ = {
			isa = PBXFrameworksBuildPhase;
			buildActionMask = 2147483647;
			files = (
			);
			runOnlyForDeploymentPostprocessing = 0;
		};
/* End PBXFrameworksBuildPhase section */

/* Begin PBXGroup section */
		FC5914942EA0EAB3000CFDC4 = {
			isa = PBXGroup;
			children = (
				FC59149F2EA0EAB3000CFDC4 /* Unignorable */,
				FC5914AD2EA0EAB4000CFDC4 /* UnignorableTests */,
				FC5914B72EA0EAB4000CFDC4 /* UnignorableUITests */,
				FC59149E2EA0EAB3000CFDC4 /* Products */,
			);
			sourceTree = "<group>";
		};
		FC59149E2EA0EAB3000CFDC4 /* Products */ = {
			isa = PBXGroup;
			children = (
				FC59149D2EA0EAB3000CFDC4 /* Unignorable.app */,
				FC5914AA2EA0EAB4000CFDC4 /* UnignorableTests.xctest */,
				FC5914B42EA0EAB4000CFDC4 /* UnignorableUITests.xctest */,
			);
			name = Products;
			sourceTree = "<group>";
		};
/* End PBXGroup section */

/* Begin PBXNativeTarget section */
		FC59149C2EA0EAB3000CFDC4 /* Unignorable */ = {
			isa = PBXNativeTarget;
			buildConfigurationList = FC5914BE2EA0EAB4000CFDC4 /* Build configuration list for PBXNativeTarget "Unignorable" */;
			buildPhases = (
				FC5914992EA0EAB3000CFDC4 /* Sources */,
				FC59149A2EA0EAB3000CFDC4 /* Frameworks */,
				FC59149B2EA0EAB3000CFDC4 /* Resources */,
			);
			buildRules = (
			);
			dependencies = (
			);
			fileSystemSynchronizedGroups = (
				FC59149F2EA0EAB3000CFDC4 /* Unignorable */,
			);
			name = Unignorable;
			packageProductDependencies = (
			);
			productName = Unignorable;
			productReference = FC59149D2EA0EAB3000CFDC4 /* Unignorable.app */;
			productType = "com.apple.product-type.application";
		};
		FC5914A92EA0EAB4000CFDC4 /* UnignorableTests */ = {
			isa = PBXNativeTarget;
			buildConfigurationList = FC5914C12EA0EAB4000CFDC4 /* Build configuration list for PBXNativeTarget "UnignorableTests" */;
			buildPhases = (
				FC5914A62EA0EAB4000CFDC4 /* Sources */,
				FC5914A72EA0EAB4000CFDC4 /* Frameworks */,
				FC5914A82EA0EAB4000CFDC4 /* Resources */,
			);
			buildRules = (
			);
			dependencies = (
				FC5914AC2EA0EAB4000CFDC4 /* PBXTargetDependency */,
			);
			fileSystemSynchronizedGroups = (
				FC5914AD2EA0EAB4000CFDC4 /* UnignorableTests */,
			);
			name = UnignorableTests;
			packageProductDependencies = (
			);
			productName = UnignorableTests;
			productReference = FC5914AA2EA0EAB4000CFDC4 /* UnignorableTests.xctest */;
			productType = "com.apple.product-type.bundle.unit-test";
		};
		FC5914B32EA0EAB4000CFDC4 /* UnignorableUITests */ = {
			isa = PBXNativeTarget;
			buildConfigurationList = FC5914C42EA0EAB4000CFDC4 /* Build configuration list for PBXNativeTarget "UnignorableUITests" */;
			buildPhases = (
				FC5914B02EA0EAB4000CFDC4 /* Sources */,
				FC5914B12EA0EAB4000CFDC4 /* Frameworks */,
				FC5914B22EA0EAB4000CFDC4 /* Resources */,
			);
			buildRules = (
			);
			dependencies = (
				FC5914B62EA0EAB4000CFDC4 /* PBXTargetDependency */,
			);
			fileSystemSynchronizedGroups = (
				FC5914B72EA0EAB4000CFDC4 /* UnignorableUITests */,
			);
			name = UnignorableUITests;
			packageProductDependencies = (
			);
			productName = UnignorableUITests;
			productReference = FC5914B42EA0EAB4000CFDC4 /* UnignorableUITests.xctest */;
			productType = "com.apple.product-type.bundle.ui-testing";
		};
/* End PBXNativeTarget section */

/* Begin PBXProject section */
		FC5914952EA0EAB3000CFDC4 /* Project object */ = {
			isa = PBXProject;
			attributes = {
				BuildIndependentTargetsInParallel = 1;
				LastSwiftUpdateCheck = 2600;
				LastUpgradeCheck = 2600;
				TargetAttributes = {
					FC59149C2EA0EAB3000CFDC4 = {
						CreatedOnToolsVersion = 26.0;
					};
					FC5914A92EA0EAB4000CFDC4 = {
						CreatedOnToolsVersion = 26.0;
						TestTargetID = FC59149C2EA0EAB3000CFDC4;
					};
					FC5914B32EA0EAB4000CFDC4 = {
						CreatedOnToolsVersion = 26.0;
						TestTargetID = FC59149C2EA0EAB3000CFDC4;
					};
				};
			};
			buildConfigurationList = FC5914982EA0EAB3000CFDC4 /* Build configuration list for PBXProject "Unignorable" */;
			developmentRegion = en;
			hasScannedForEncodings = 0;
			knownRegions = (
				en,
				Base,
			);
			mainGroup = FC5914942EA0EAB3000CFDC4;
			minimizedProjectReferenceProxies = 1;
			preferredProjectObjectVersion = 77;
			productRefGroup = FC59149E2EA0EAB3000CFDC4 /* Products */;
			projectDirPath = "";
			projectRoot = "";
			targets = (
				FC59149C2EA0EAB3000CFDC4 /* Unignorable */,
				FC5914A92EA0EAB4000CFDC4 /* UnignorableTests */,
				FC5914B32EA0EAB4000CFDC4 /* UnignorableUITests */,
			);
		};
/* End PBXProject section */

/* Begin PBXResourcesBuildPhase section */
		FC59149B2EA0EAB3000CFDC4 /* Resources */ = {
			isa = PBXResourcesBuildPhase;
			buildActionMask = 2147483647;
			files = (
			);
			runOnlyForDeploymentPostprocessing = 0;
		};
		FC5914A82EA0EAB4000CFDC4 /* Resources */ = {
			isa = PBXResourcesBuildPhase;
			buildActionMask = 2147483647;
			files = (
			);
			runOnlyForDeploymentPostprocessing = 0;
		};
		FC5914B22EA0EAB4000CFDC4 /* Resources */ = {
			isa = PBXResourcesBuildPhase;
			buildActionMask = 2147483647;
			files = (
			);
			runOnlyForDeploymentPostprocessing = 0;
		};
/* End PBXResourcesBuildPhase section */

/* Begin PBXSourcesBuildPhase section */
		FC5914992EA0EAB3000CFDC4 /* Sources */ = {
			isa = PBXSourcesBuildPhase;
			buildActionMask = 2147483647;
			files = (
			);
			runOnlyForDeploymentPostprocessing = 0;
		};
		FC5914A62EA0EAB4000CFDC4 /* Sources */ = {
			isa = PBXSourcesBuildPhase;
			buildActionMask = 2147483647;
			files = (
			);
			runOnlyForDeploymentPostprocessing = 0;
		};
		FC5914B02EA0EAB4000CFDC4 /* Sources */ = {
			isa = PBXSourcesBuildPhase;
			buildActionMask = 2147483647;
			files = (
			);
			runOnlyForDeploymentPostprocessing = 0;
		};
/* End PBXSourcesBuildPhase section */

/* Begin PBXTargetDependency section */
		FC5914AC2EA0EAB4000CFDC4 /* PBXTargetDependency */ = {
			isa = PBXTargetDependency;
			target = FC59149C2EA0EAB3000CFDC4 /* Unignorable */;
			targetProxy = FC5914AB2EA0EAB4000CFDC4 /* PBXContainerItemProxy */;
		};
		FC5914B62EA0EAB4000CFDC4 /* PBXTargetDependency */ = {
			isa = PBXTargetDependency;
			target = FC59149C2EA0EAB3000CFDC4 /* Unignorable */;
			targetProxy = FC5914B52EA0EAB4000CFDC4 /* PBXContainerItemProxy */;
		};
/* End PBXTargetDependency section */

/* Begin XCBuildConfiguration section */
		FC5914BC2EA0EAB4000CFDC4 /* Debug */ = {
			isa = XCBuildConfiguration;
			buildSettings = {
				ALWAYS_SEARCH_USER_PATHS = NO;
				ASSETCATALOG_COMPILER_GENERATE_SWIFT_ASSET_SYMBOL_EXTENSIONS = YES;
				CLANG_ANALYZER_NONNULL = YES;
				CLANG_ANALYZER_NUMBER_OBJECT_CONVERSION = YES_AGGRESSIVE;
				CLANG_CXX_LANGUAGE_STANDARD = "gnu++20";
				CLANG_ENABLE_MODULES = YES;
				CLANG_ENABLE_OBJC_ARC = YES;
				CLANG_ENABLE_OBJC_WEAK = YES;
				CLANG_WARN_BLOCK_CAPTURE_AUTORELEASING = YES;
				CLANG_WARN_BOOL_CONVERSION = YES;
				CLANG_WARN_COMMA = YES;
				CLANG_WARN_CONSTANT_CONVERSION = YES;
				CLANG_WARN_DEPRECATED_OBJC_IMPLEMENTATIONS = YES;
				CLANG_WARN_DIRECT_OBJC_ISA_USAGE = YES_ERROR;
				CLANG_WARN_DOCUMENTATION_COMMENTS = YES;
				CLANG_WARN_EMPTY_BODY = YES;
				CLANG_WARN_ENUM_CONVERSION = YES;
				CLANG_WARN_INFINITE_RECURSION = YES;
				CLANG_WARN_INT_CONVERSION = YES;
				CLANG_WARN_NON_LITERAL_NULL_CONVERSION = YES;
				CLANG_WARN_OBJC_IMPLICIT_RETAIN_SELF = YES;
				CLANG_WARN_OBJC_LITERAL_CONVERSION = YES;
				CLANG_WARN_OBJC_ROOT_CLASS = YES_ERROR;
				CLANG_WARN_QUOTED_INCLUDE_IN_FRAMEWORK_HEADER = YES;
				CLANG_WARN_RANGE_LOOP_ANALYSIS = YES;
				CLANG_WARN_STRICT_PROTOTYPES = YES;
				CLANG_WARN_SUSPICIOUS_MOVE = YES;
				CLANG_WARN_UNGUARDED_AVAILABILITY = YES_AGGRESSIVE;
				CLANG_WARN_UNREACHABLE_CODE = YES;
				CLANG_WARN__DUPLICATE_METHOD_MATCH = YES;
				COPY_PHASE_STRIP = NO;
				DEBUG_INFORMATION_FORMAT = dwarf;
				DEVELOPMENT_TEAM = PTTWS45Y9A;
				ENABLE_STRICT_OBJC_MSGSEND = YES;
				ENABLE_TESTABILITY = YES;
				ENABLE_USER_SCRIPT_SANDBOXING = YES;
				GCC_C_LANGUAGE_STANDARD = gnu17;
				GCC_DYNAMIC_NO_PIC = NO;
				GCC_NO_COMMON_BLOCKS = YES;
				GCC_OPTIMIZATION_LEVEL = 0;
				GCC_PREPROCESSOR_DEFINITIONS = (
					"DEBUG=1",
					"$(inherited)",
				);
				GCC_WARN_64_TO_32_BIT_CONVERSION = YES;
				GCC_WARN_ABOUT_RETURN_TYPE = YES_ERROR;
				GCC_WARN_UNDECLARED_SELECTOR = YES;
				GCC_WARN_UNINITIALIZED_AUTOS = YES_AGGRESSIVE;
				GCC_WARN_UNUSED_FUNCTION = YES;
				GCC_WARN_UNUSED_VARIABLE = YES;
				LOCALIZATION_PREFERS_STRING_CATALOGS = YES;
				MACOSX_DEPLOYMENT_TARGET = 26.0;
				MTL_ENABLE_DEBUG_INFO = INCLUDE_SOURCE;
				MTL_FAST_MATH = YES;
				ONLY_ACTIVE_ARCH = YES;
				SDKROOT = macosx;
				SWIFT_ACTIVE_COMPILATION_CONDITIONS = "DEBUG $(inherited)";
				SWIFT_OPTIMIZATION_LEVEL = "-Onone";
			};
			name = Debug;
		};
		FC5914BD2EA0EAB4000CFDC4 /* Release */ = {
			isa = XCBuildConfiguration;
			buildSettings = {
				ALWAYS_SEARCH_USER_PATHS = NO;
				ASSETCATALOG_COMPILER_GENERATE_SWIFT_ASSET_SYMBOL_EXTENSIONS = YES;
				CLANG_ANALYZER_NONNULL = YES;
				CLANG_ANALYZER_NUMBER_OBJECT_CONVERSION = YES_AGGRESSIVE;
				CLANG_CXX_LANGUAGE_STANDARD = "gnu++20";
				CLANG_ENABLE_MODULES = YES;
				CLANG_ENABLE_OBJC_ARC = YES;
				CLANG_ENABLE_OBJC_WEAK = YES;
				CLANG_WARN_BLOCK_CAPTURE_AUTORELEASING = YES;
				CLANG_WARN_BOOL_CONVERSION = YES;
				CLANG_WARN_COMMA = YES;
				CLANG_WARN_CONSTANT_CONVERSION = YES;
				CLANG_WARN_DEPRECATED_OBJC_IMPLEMENTATIONS = YES;
				CLANG_WARN_DIRECT_OBJC_ISA_USAGE = YES_ERROR;
				CLANG_WARN_DOCUMENTATION_COMMENTS = YES;
				CLANG_WARN_EMPTY_BODY = YES;
				CLANG_WARN_ENUM_CONVERSION = YES;
				CLANG_WARN_INFINITE_RECURSION = YES;
				CLANG_WARN_INT_CONVERSION = YES;
				CLANG_WARN_NON_LITERAL_NULL_CONVERSION = YES;
				CLANG_WARN_OBJC_IMPLICIT_RETAIN_SELF = YES;
				CLANG_WARN_OBJC_LITERAL_CONVERSION = YES;
				CLANG_WARN_OBJC_ROOT_CLASS = YES_ERROR;
				CLANG_WARN_QUOTED_INCLUDE_IN_FRAMEWORK_HEADER = YES;
				CLANG_WARN_RANGE_LOOP_ANALYSIS = YES;
				CLANG_WARN_STRICT_PROTOTYPES = YES;
				CLANG_WARN_SUSPICIOUS_MOVE = YES;
				CLANG_WARN_UNGUARDED_AVAILABILITY = YES_AGGRESSIVE;
				CLANG_WARN_UNREACHABLE_CODE = YES;
				CLANG_WARN__DUPLICATE_METHOD_MATCH = YES;
				COPY_PHASE_STRIP = NO;
				DEBUG_INFORMATION_FORMAT = "dwarf-with-dsym";
				DEVELOPMENT_TEAM = PTTWS45Y9A;
				ENABLE_NS_ASSERTIONS = NO;
				ENABLE_STRICT_OBJC_MSGSEND = YES;
				ENABLE_USER_SCRIPT_SANDBOXING = YES;
				GCC_C_LANGUAGE_STANDARD = gnu17;
				GCC_NO_COMMON_BLOCKS = YES;
				GCC_WARN_64_TO_32_BIT_CONVERSION = YES;
				GCC_WARN_ABOUT_RETURN_TYPE = YES_ERROR;
				GCC_WARN_UNDECLARED_SELECTOR = YES;
				GCC_WARN_UNINITIALIZED_AUTOS = YES_AGGRESSIVE;
				GCC_WARN_UNUSED_FUNCTION = YES;
				GCC_WARN_UNUSED_VARIABLE = YES;
				LOCALIZATION_PREFERS_STRING_CATALOGS = YES;
				MACOSX_DEPLOYMENT_TARGET = 26.0;
				MTL_ENABLE_DEBUG_INFO = NO;
				MTL_FAST_MATH = YES;
				SDKROOT = macosx;
				SWIFT_COMPILATION_MODE = wholemodule;
			};
			name = Release;
		};
		FC5914BF2EA0EAB4000CFDC4 /* Debug */ = {
			isa = XCBuildConfiguration;
			buildSettings = {
				ASSETCATALOG_COMPILER_APPICON_NAME = AppIcon;
				ASSETCATALOG_COMPILER_GLOBAL_ACCENT_COLOR_NAME = AccentColor;
				CODE_SIGN_STYLE = Automatic;
				COMBINE_HIDPI_IMAGES = YES;
				CURRENT_PROJECT_VERSION = 1;
				DEVELOPMENT_TEAM = 3BJ932MT28;
				ENABLE_APP_SANDBOX = YES;
				ENABLE_HARDENED_RUNTIME = YES;
				ENABLE_PREVIEWS = YES;
				ENABLE_USER_SELECTED_FILES = readonly;
				GENERATE_INFOPLIST_FILE = YES;
				INFOPLIST_FILE = Unignorable/Info.plist;
				INFOPLIST_KEY_NSHumanReadableCopyright = "";
				LD_RUNPATH_SEARCH_PATHS = (
					"$(inherited)",
					"@executable_path/../Frameworks",
				);
				MARKETING_VERSION = 1.0;
				PRODUCT_BUNDLE_IDENTIFIER = com.kurtlee.Unignorable;
				PRODUCT_NAME = "$(TARGET_NAME)";
				REGISTER_APP_GROUPS = YES;
				STRING_CATALOG_GENERATE_SYMBOLS = YES;
				SWIFT_APPROACHABLE_CONCURRENCY = YES;
				SWIFT_DEFAULT_ACTOR_ISOLATION = MainActor;
				SWIFT_EMIT_LOC_STRINGS = YES;
				SWIFT_UPCOMING_FEATURE_MEMBER_IMPORT_VISIBILITY = YES;
				SWIFT_VERSION = 5.0;
			};
			name = Debug;
		};
		FC5914C02EA0EAB4000CFDC4 /* Release */ = {
			isa = XCBuildConfiguration;
			buildSettings = {
				ASSETCATALOG_COMPILER_APPICON_NAME = AppIcon;
				ASSETCATALOG_COMPILER_GLOBAL_ACCENT_COLOR_NAME = AccentColor;
				"CODE_SIGN_IDENTITY[sdk=macosx*]" = "Apple Development";
				CODE_SIGN_STYLE = Automatic;
				COMBINE_HIDPI_IMAGES = YES;
				CURRENT_PROJECT_VERSION = 1;
				DEVELOPMENT_TEAM = 3BJ932MT28;
				ENABLE_APP_SANDBOX = YES;
				ENABLE_HARDENED_RUNTIME = YES;
				ENABLE_PREVIEWS = YES;
				ENABLE_USER_SELECTED_FILES = readonly;
				GENERATE_INFOPLIST_FILE = YES;
				INFOPLIST_FILE = Unignorable/Info.plist;
				INFOPLIST_KEY_NSHumanReadableCopyright = "";
				LD_RUNPATH_SEARCH_PATHS = (
					"$(inherited)",
					"@executable_path/../Frameworks",
				);
				MARKETING_VERSION = 1.0;
				PRODUCT_BUNDLE_IDENTIFIER = com.kurtlee.Unignorable;
				PRODUCT_NAME = "$(TARGET_NAME)";
				REGISTER_APP_GROUPS = YES;
				STRING_CATALOG_GENERATE_SYMBOLS = YES;
				SWIFT_APPROACHABLE_CONCURRENCY = YES;
				SWIFT_DEFAULT_ACTOR_ISOLATION = MainActor;
				SWIFT_EMIT_LOC_STRINGS = YES;
				SWIFT_UPCOMING_FEATURE_MEMBER_IMPORT_VISIBILITY = YES;
				SWIFT_VERSION = 5.0;
			};
			name = Release;
		};
		FC5914C22EA0EAB4000CFDC4 /* Debug */ = {
			isa = XCBuildConfiguration;
			buildSettings = {
				BUNDLE_LOADER = "$(TEST_HOST)";
				CODE_SIGN_STYLE = Automatic;
				CURRENT_PROJECT_VERSION = 1;
				DEVELOPMENT_TEAM = PTTWS45Y9A;
				GENERATE_INFOPLIST_FILE = YES;
				MACOSX_DEPLOYMENT_TARGET = 26.0;
				MARKETING_VERSION = 1.0;
				PRODUCT_BUNDLE_IDENTIFIER = com.kurtlee.UnignorableTests;
				PRODUCT_NAME = "$(TARGET_NAME)";
				STRING_CATALOG_GENERATE_SYMBOLS = NO;
				SWIFT_APPROACHABLE_CONCURRENCY = YES;
				SWIFT_EMIT_LOC_STRINGS = NO;
				SWIFT_UPCOMING_FEATURE_MEMBER_IMPORT_VISIBILITY = YES;
				SWIFT_VERSION = 5.0;
				TEST_HOST = "$(BUILT_PRODUCTS_DIR)/Unignorable.app/$(BUNDLE_EXECUTABLE_FOLDER_PATH)/Unignorable";
			};
			name = Debug;
		};
		FC5914C32EA0EAB4000CFDC4 /* Release */ = {
			isa = XCBuildConfiguration;
			buildSettings = {
				BUNDLE_LOADER = "$(TEST_HOST)";
				CODE_SIGN_STYLE = Automatic;
				CURRENT_PROJECT_VERSION = 1;
				DEVELOPMENT_TEAM = PTTWS45Y9A;
				GENERATE_INFOPLIST_FILE = YES;
				MACOSX_DEPLOYMENT_TARGET = 26.0;
				MARKETING_VERSION = 1.0;
				PRODUCT_BUNDLE_IDENTIFIER = com.kurtlee.UnignorableTests;
				PRODUCT_NAME = "$(TARGET_NAME)";
				STRING_CATALOG_GENERATE_SYMBOLS = NO;
				SWIFT_APPROACHABLE_CONCURRENCY = YES;
				SWIFT_EMIT_LOC_STRINGS = NO;
				SWIFT_UPCOMING_FEATURE_MEMBER_IMPORT_VISIBILITY = YES;
				SWIFT_VERSION = 5.0;
				TEST_HOST = "$(BUILT_PRODUCTS_DIR)/Unignorable.app/$(BUNDLE_EXECUTABLE_FOLDER_PATH)/Unignorable";
			};
			name = Release;
		};
		FC5914C52EA0EAB4000CFDC4 /* Debug */ = {
			isa = XCBuildConfiguration;
			buildSettings = {
				CODE_SIGN_STYLE = Automatic;
				CURRENT_PROJECT_VERSION = 1;
				DEVELOPMENT_TEAM = PTTWS45Y9A;
				GENERATE_INFOPLIST_FILE = YES;
				MARKETING_VERSION = 1.0;
				PRODUCT_BUNDLE_IDENTIFIER = com.kurtlee.UnignorableUITests;
				PRODUCT_NAME = "$(TARGET_NAME)";
				STRING_CATALOG_GENERATE_SYMBOLS = NO;
				SWIFT_APPROACHABLE_CONCURRENCY = YES;
				SWIFT_EMIT_LOC_STRINGS = NO;
				SWIFT_UPCOMING_FEATURE_MEMBER_IMPORT_VISIBILITY = YES;
				SWIFT_VERSION = 5.0;
				TEST_TARGET_NAME = Unignorable;
			};
			name = Debug;
		};
		FC5914C62EA0EAB4000CFDC4 /* Release */ = {
			isa = XCBuildConfiguration;
			buildSettings = {
				CODE_SIGN_STYLE = Automatic;
				CURRENT_PROJECT_VERSION = 1;
				DEVELOPMENT_TEAM = PTTWS45Y9A;
				GENERATE_INFOPLIST_FILE = YES;
				MARKETING_VERSION = 1.0;
				PRODUCT_BUNDLE_IDENTIFIER = com.kurtlee.UnignorableUITests;
				PRODUCT_NAME = "$(TARGET_NAME)";
				STRING_CATALOG_GENERATE_SYMBOLS = NO;
				SWIFT_APPROACHABLE_CONCURRENCY = YES;
				SWIFT_EMIT_LOC_STRINGS = NO;
				SWIFT_UPCOMING_FEATURE_MEMBER_IMPORT_VISIBILITY = YES;
				SWIFT_VERSION = 5.0;
				TEST_TARGET_NAME = Unignorable;
			};
			name = Release;
		};
/* End XCBuildConfiguration section */

/* Begin XCConfigurationList section */
		FC5914982EA0EAB3000CFDC4 /* Build configuration list for PBXProject "Unignorable" */ = {
			isa = XCConfigurationList;
			buildConfigurations = (
				FC5914BC2EA0EAB4000CFDC4 /* Debug */,
				FC5914BD2EA0EAB4000CFDC4 /* Release */,
			);
			defaultConfigurationIsVisible = 0;
			defaultConfigurationName = Release;
		};
		FC5914BE2EA0EAB4000CFDC4 /* Build configuration list for PBXNativeTarget "Unignorable" */ = {
			isa = XCConfigurationList;
			buildConfigurations = (
				FC5914BF2EA0EAB4000CFDC4 /* Debug */,
				FC5914C02EA0EAB4000CFDC4 /* Release */,
			);
			defaultConfigurationIsVisible = 0;
			defaultConfigurationName = Release;
		};
		FC5914C12EA0EAB4000CFDC4 /* Build configuration list for PBXNativeTarget "UnignorableTests" */ = {
			isa = XCConfigurationList;
			buildConfigurations = (
				FC5914C22EA0EAB4000CFDC4 /* Debug */,
				FC5914C32EA0EAB4000CFDC4 /* Release */,
			);
			defaultConfigurationIsVisible = 0;
			defaultConfigurationName = Release;
		};
		FC5914C42EA0EAB4000CFDC4 /* Build configuration list for PBXNativeTarget "UnignorableUITests" */ = {
			isa = XCConfigurationList;
			buildConfigurations = (
				FC5914C52EA0EAB4000CFDC4 /* Debug */,
				FC5914C62EA0EAB4000CFDC4 /* Release */,
			);
			defaultConfigurationIsVisible = 0;
			defaultConfigurationName = Release;
		};
/* End XCConfigurationList section */
	};
	rootObject = FC5914952EA0EAB3000CFDC4 /* Project object */;
}
